
Microsoft Visual Studio Solution File, Format Version 12.00
# Visual Studio 15
VisualStudioVersion = 15.0.28010.2026
MinimumVisualStudioVersion = 10.0.40219.1
Project("{F2A71F9B-5D33-465A-A702-920D77279786}") = "FSnack.CoreLib", "FSnack.CoreLib\FSnack.CoreLib.fsproj", "{6F14F35C-3D6D-41CE-AA93-7D0ADF7A83C1}"
EndProject
Project("{F2A71F9B-5D33-465A-A702-920D77279786}") = "FSnack.CoreLibTests", "FSnack.CoreLibTests\FSnack.CoreLibTests.fsproj", "{5285EB06-099C-456C-8E45-64632168007B}"
EndProject
Project("{F2A71F9B-5D33-465A-A702-920D77279786}") = "FSnack.Candies.Service", "FSnack.Candies.Service\FSnack.Candies.Service.fsproj", "{8D763486-0646-4439-80EF-AA086FEE0FCE}"
EndProject
Project("{2150E333-8FDC-42A3-9474-1A3956D46DE8}") = "Samples", "Samples", "{33EFFD5E-8D5E-4B93-9713-6E511745C860}"
EndProject
Global
	GlobalSection(SolutionConfigurationPlatforms) = preSolution
		Debug|Any CPU = Debug|Any CPU
		Release|Any CPU = Release|Any CPU
	EndGlobalSection
	GlobalSection(ProjectConfigurationPlatforms) = postSolution
		{6F14F35C-3D6D-41CE-AA93-7D0ADF7A83C1}.Debug|Any CPU.ActiveCfg = Debug|Any CPU
		{6F14F35C-3D6D-41CE-AA93-7D0ADF7A83C1}.Debug|Any CPU.Build.0 = Debug|Any CPU
		{6F14F35C-3D6D-41CE-AA93-7D0ADF7A83C1}.Release|Any CPU.ActiveCfg = Release|Any CPU
		{6F14F35C-3D6D-41CE-AA93-7D0ADF7A83C1}.Release|Any CPU.Build.0 = Release|Any CPU
		{5285EB06-099C-456C-8E45-64632168007B}.Debug|Any CPU.ActiveCfg = Debug|Any CPU
		{5285EB06-099C-456C-8E45-64632168007B}.Debug|Any CPU.Build.0 = Debug|Any CPU
		{5285EB06-099C-456C-8E45-64632168007B}.Release|Any CPU.ActiveCfg = Release|Any CPU
		{5285EB06-099C-456C-8E45-64632168007B}.Release|Any CPU.Build.0 = Release|Any CPU
		{8D763486-0646-4439-80EF-AA086FEE0FCE}.Debug|Any CPU.ActiveCfg = Debug|Any CPU
		{8D763486-0646-4439-80EF-AA086FEE0FCE}.Debug|Any CPU.Build.0 = Debug|Any CPU
		{8D763486-0646-4439-80EF-AA086FEE0FCE}.Release|Any CPU.ActiveCfg = Release|Any CPU
		{8D763486-0646-4439-80EF-AA086FEE0FCE}.Release|Any CPU.Build.0 = Release|Any CPU
	EndGlobalSection
	GlobalSection(SolutionProperties) = preSolution
		HideSolutionNode = FALSE
	EndGlobalSection
	GlobalSection(ExtensibilityGlobals) = postSolution
		SolutionGuid = {B9EB72D3-71EE-44C0-AA5D-6205C591DFD2}
	EndGlobalSection
EndGlobal
